
Microsoft Visual Studio Solution File, Format Version 12.00
# Visual Studio 14
VisualStudioVersion = 14.0.25420.1
MinimumVisualStudioVersion = 10.0.40219.1
Project("{FAE04EC0-301F-11D3-BF4B-00C04F79EFBC}") = "Accounting.Domain.Models", "Accounting.Domain.Models\Accounting.Domain.Models.csproj", "{C5A29F5E-5669-41BB-AA7B-6943ED5CFBCE}"
EndProject
Project("{FAE04EC0-301F-11D3-BF4B-00C04F79EFBC}") = "Common.Infrastructure", "Common.Infrastructure\Common.Infrastructure.csproj", "{E6091DB1-C9F7-42DB-B4D5-E31FB6A5A6DA}"
EndProject
Project("{FAE04EC0-301F-11D3-BF4B-00C04F79EFBC}") = "Accounting.Domain.Events", "Accounting.Domain.Events\Accounting.Domain.Events.csproj", "{C0B0AF45-F29D-419C-90AE-E9B3719A032A}"
EndProject
Project("{2150E333-8FDC-42A3-9474-1A3956D46DE8}") = "_notes", "_notes", "{CFDF83B1-E7D8-4702-A884-4C52285A3A38}"
	ProjectSection(SolutionItems) = preProject
		Folders and layers.txt = Folders and layers.txt
		_notes\Notes.txt = _notes\Notes.txt
		_notes\Third party modules that we still have to credit.txt = _notes\Third party modules that we still have to credit.txt
	EndProjectSection
EndProject
Project("{2150E333-8FDC-42A3-9474-1A3956D46DE8}") = "Tests", "Tests", "{C1E1E144-1762-4177-B5EC-46014205CBF7}"
EndProject
Project("{D954291E-2A0B-460D-934E-DC6B0785DB48}") = "Infrastructure.Tests", "Tests\Infrastructure.Tests\Infrastructure.Tests.shproj", "{A57CC877-9214-4C7A-B505-7262647EACC2}"
EndProject
Project("{FAE04EC0-301F-11D3-BF4B-00C04F79EFBC}") = "Infrastructure.Tests.Net45", "Tests\Infrastructure.Tests.Net45\Infrastructure.Tests.Net45.csproj", "{8EDF4429-251A-416D-BB68-93F227191BCF}"
EndProject
Project("{FAE04EC0-301F-11D3-BF4B-00C04F79EFBC}") = "Common.Infrastructure.Wrappers", "Common.Infrastructure.Wrappers\Common.Infrastructure.Wrappers.csproj", "{D7547C5A-DC03-425F-B8FE-FC9FEBCD1CC5}"
EndProject
Project("{D954291E-2A0B-460D-934E-DC6B0785DB48}") = "Budget.Tests", "Tests\Budget.Tests\Budget.Tests.shproj", "{29B288D4-239F-4756-8B03-B161799CD762}"
EndProject
Project("{FAE04EC0-301F-11D3-BF4B-00C04F79EFBC}") = "Budget.Tests.Net45", "Tests\Budget.Tests.Net45\Budget.Tests.Net45.csproj", "{7D7B5867-28E9-40A9-AE89-0EFA863FA9A1}"
EndProject
Project("{FAE04EC0-301F-11D3-BF4B-00C04F79EFBC}") = "Common.Infrastructure.PlatformSpecific.Net461", "Common.Infrastructure.PlatformSpecific.Net461\Common.Infrastructure.PlatformSpecific.Net461.csproj", "{4DC3CCF8-171C-402D-8CB5-C09E610E82CE}"
EndProject
Project("{2150E333-8FDC-42A3-9474-1A3956D46DE8}") = "Solution Items", "Solution Items", "{710B309E-C1E5-45AA-A3F7-9F42FC2C210B}"
	ProjectSection(SolutionItems) = preProject
		Settings.StyleCop = Settings.StyleCop
	EndProjectSection
EndProject
Project("{FAE04EC0-301F-11D3-BF4B-00C04F79EFBC}") = "BudgetFirst.Presentation.Windows", "BudgetFirst.Presentation.Windows\BudgetFirst.Presentation.Windows.csproj", "{FBA66430-F55B-4897-9670-24AF969D731F}"
EndProject
Project("{2150E333-8FDC-42A3-9474-1A3956D46DE8}") = "CommonContext", "CommonContext", "{B5BE9A28-1EE5-43F5-A730-DC70A0F0C879}"
EndProject
Project("{2150E333-8FDC-42A3-9474-1A3956D46DE8}") = "AccountingContext", "AccountingContext", "{32008689-E7A5-4FE5-B1A3-0A812E973F2B}"
EndProject
Project("{2150E333-8FDC-42A3-9474-1A3956D46DE8}") = "BudgetingContext", "BudgetingContext", "{80301C9E-D28A-4EDE-9A07-EA1DB33E94D8}"
EndProject
Project("{2150E333-8FDC-42A3-9474-1A3956D46DE8}") = "CurrenciesContext", "CurrenciesContext", "{B5CDFF75-7D1A-409D-BC9B-E87F8C205A6E}"
EndProject
Project("{FAE04EC0-301F-11D3-BF4B-00C04F79EFBC}") = "Common.Application", "Common.Application\Common.Application.csproj", "{39AFE22B-7A7B-4221-A74B-0E1EDE81F61A}"
EndProject
Project("{FAE04EC0-301F-11D3-BF4B-00C04F79EFBC}") = "Accounting.Application", "Accounting.Application\Accounting.Application.csproj", "{F2AD5B2F-8164-4E1D-881C-BDBAA03E95BF}"
EndProject
Project("{FAE04EC0-301F-11D3-BF4B-00C04F79EFBC}") = "Accounting.Infrastructure", "Accounting.Infrastructure\Accounting.Infrastructure.csproj", "{6E2FF562-6440-4E18-99C1-353EB8C3ACBC}"
EndProject
Project("{FAE04EC0-301F-11D3-BF4B-00C04F79EFBC}") = "Currencies.Application", "Currencies.Application\Currencies.Application.csproj", "{DE11EF5B-579F-41A1-B64E-79E827E6351D}"
EndProject
Project("{FAE04EC0-301F-11D3-BF4B-00C04F79EFBC}") = "BudgetFirst.Application", "BudgetFirst.Application\BudgetFirst.Application.csproj", "{7481763D-9817-495C-A31E-68E0B449480E}"
EndProject
Project("{FAE04EC0-301F-11D3-BF4B-00C04F79EFBC}") = "Budgeting.Application", "Budgeting.Application\Budgeting.Application.csproj", "{8257820D-9B18-47FF-9B85-BCEDC1F9E01E}"
EndProject
Project("{FAE04EC0-301F-11D3-BF4B-00C04F79EFBC}") = "Budgeting.Domain.Model", "Budgeting.Domain.Model\Budgeting.Domain.Model.csproj", "{8A139D4B-FA1C-48DD-B415-43089ED6720C}"
EndProject
Project("{FAE04EC0-301F-11D3-BF4B-00C04F79EFBC}") = "Budgeting.Domain.Events", "Budgeting.Domain.Events\Budgeting.Domain.Events.csproj", "{06242251-ED86-4038-8606-925A4FB5D830}"
EndProject
Global
	GlobalSection(SharedMSBuildProjectFiles) = preSolution
		Tests\Budget.Tests\Budget.Tests.projitems*{29b288d4-239f-4756-8b03-b161799cd762}*SharedItemsImports = 13
		Tests\Budget.Tests\Budget.Tests.projitems*{7d7b5867-28e9-40a9-ae89-0efa863fa9a1}*SharedItemsImports = 4
		Tests\Infrastructure.Tests\Infrastructure.Tests.projitems*{8edf4429-251a-416d-bb68-93f227191bcf}*SharedItemsImports = 4
		Tests\Infrastructure.Tests\Infrastructure.Tests.projitems*{a57cc877-9214-4c7a-b505-7262647eacc2}*SharedItemsImports = 13
	EndGlobalSection
	GlobalSection(SolutionConfigurationPlatforms) = preSolution
		Debug|Any CPU = Debug|Any CPU
		Linux|Any CPU = Linux|Any CPU
		Release|Any CPU = Release|Any CPU
	EndGlobalSection
	GlobalSection(ProjectConfigurationPlatforms) = postSolution
		{C5A29F5E-5669-41BB-AA7B-6943ED5CFBCE}.Debug|Any CPU.ActiveCfg = Debug|Any CPU
		{C5A29F5E-5669-41BB-AA7B-6943ED5CFBCE}.Debug|Any CPU.Build.0 = Debug|Any CPU
		{C5A29F5E-5669-41BB-AA7B-6943ED5CFBCE}.Linux|Any CPU.ActiveCfg = Linux|Any CPU
		{C5A29F5E-5669-41BB-AA7B-6943ED5CFBCE}.Linux|Any CPU.Build.0 = Linux|Any CPU
		{C5A29F5E-5669-41BB-AA7B-6943ED5CFBCE}.Release|Any CPU.ActiveCfg = Release|Any CPU
		{C5A29F5E-5669-41BB-AA7B-6943ED5CFBCE}.Release|Any CPU.Build.0 = Release|Any CPU
		{E6091DB1-C9F7-42DB-B4D5-E31FB6A5A6DA}.Debug|Any CPU.ActiveCfg = Debug|Any CPU
		{E6091DB1-C9F7-42DB-B4D5-E31FB6A5A6DA}.Debug|Any CPU.Build.0 = Debug|Any CPU
		{E6091DB1-C9F7-42DB-B4D5-E31FB6A5A6DA}.Linux|Any CPU.ActiveCfg = Linux|Any CPU
		{E6091DB1-C9F7-42DB-B4D5-E31FB6A5A6DA}.Linux|Any CPU.Build.0 = Linux|Any CPU
		{E6091DB1-C9F7-42DB-B4D5-E31FB6A5A6DA}.Release|Any CPU.ActiveCfg = Release|Any CPU
		{E6091DB1-C9F7-42DB-B4D5-E31FB6A5A6DA}.Release|Any CPU.Build.0 = Release|Any CPU
		{C0B0AF45-F29D-419C-90AE-E9B3719A032A}.Debug|Any CPU.ActiveCfg = Debug|Any CPU
		{C0B0AF45-F29D-419C-90AE-E9B3719A032A}.Debug|Any CPU.Build.0 = Debug|Any CPU
		{C0B0AF45-F29D-419C-90AE-E9B3719A032A}.Linux|Any CPU.ActiveCfg = Linux|Any CPU
		{C0B0AF45-F29D-419C-90AE-E9B3719A032A}.Linux|Any CPU.Build.0 = Linux|Any CPU
		{C0B0AF45-F29D-419C-90AE-E9B3719A032A}.Release|Any CPU.ActiveCfg = Release|Any CPU
		{C0B0AF45-F29D-419C-90AE-E9B3719A032A}.Release|Any CPU.Build.0 = Release|Any CPU
		{8EDF4429-251A-416D-BB68-93F227191BCF}.Debug|Any CPU.ActiveCfg = Debug|Any CPU
		{8EDF4429-251A-416D-BB68-93F227191BCF}.Debug|Any CPU.Build.0 = Debug|Any CPU
		{8EDF4429-251A-416D-BB68-93F227191BCF}.Linux|Any CPU.ActiveCfg = Linux|Any CPU
		{8EDF4429-251A-416D-BB68-93F227191BCF}.Linux|Any CPU.Build.0 = Linux|Any CPU
		{8EDF4429-251A-416D-BB68-93F227191BCF}.Release|Any CPU.ActiveCfg = Release|Any CPU
		{8EDF4429-251A-416D-BB68-93F227191BCF}.Release|Any CPU.Build.0 = Release|Any CPU
		{D7547C5A-DC03-425F-B8FE-FC9FEBCD1CC5}.Debug|Any CPU.ActiveCfg = Debug|Any CPU
		{D7547C5A-DC03-425F-B8FE-FC9FEBCD1CC5}.Debug|Any CPU.Build.0 = Debug|Any CPU
		{D7547C5A-DC03-425F-B8FE-FC9FEBCD1CC5}.Linux|Any CPU.ActiveCfg = Linux|Any CPU
		{D7547C5A-DC03-425F-B8FE-FC9FEBCD1CC5}.Linux|Any CPU.Build.0 = Linux|Any CPU
		{D7547C5A-DC03-425F-B8FE-FC9FEBCD1CC5}.Release|Any CPU.ActiveCfg = Release|Any CPU
		{D7547C5A-DC03-425F-B8FE-FC9FEBCD1CC5}.Release|Any CPU.Build.0 = Release|Any CPU
		{7D7B5867-28E9-40A9-AE89-0EFA863FA9A1}.Debug|Any CPU.ActiveCfg = Debug|Any CPU
		{7D7B5867-28E9-40A9-AE89-0EFA863FA9A1}.Debug|Any CPU.Build.0 = Debug|Any CPU
		{7D7B5867-28E9-40A9-AE89-0EFA863FA9A1}.Linux|Any CPU.ActiveCfg = Linux|Any CPU
		{7D7B5867-28E9-40A9-AE89-0EFA863FA9A1}.Linux|Any CPU.Build.0 = Linux|Any CPU
		{7D7B5867-28E9-40A9-AE89-0EFA863FA9A1}.Release|Any CPU.ActiveCfg = Release|Any CPU
		{7D7B5867-28E9-40A9-AE89-0EFA863FA9A1}.Release|Any CPU.Build.0 = Release|Any CPU
		{4DC3CCF8-171C-402D-8CB5-C09E610E82CE}.Debug|Any CPU.ActiveCfg = Debug|Any CPU
		{4DC3CCF8-171C-402D-8CB5-C09E610E82CE}.Debug|Any CPU.Build.0 = Debug|Any CPU
		{4DC3CCF8-171C-402D-8CB5-C09E610E82CE}.Linux|Any CPU.ActiveCfg = Linux|Any CPU
		{4DC3CCF8-171C-402D-8CB5-C09E610E82CE}.Linux|Any CPU.Build.0 = Linux|Any CPU
		{4DC3CCF8-171C-402D-8CB5-C09E610E82CE}.Release|Any CPU.ActiveCfg = Release|Any CPU
		{4DC3CCF8-171C-402D-8CB5-C09E610E82CE}.Release|Any CPU.Build.0 = Release|Any CPU
		{FBA66430-F55B-4897-9670-24AF969D731F}.Debug|Any CPU.ActiveCfg = Debug|Any CPU
		{FBA66430-F55B-4897-9670-24AF969D731F}.Debug|Any CPU.Build.0 = Debug|Any CPU
		{FBA66430-F55B-4897-9670-24AF969D731F}.Linux|Any CPU.ActiveCfg = Release|Any CPU
		{FBA66430-F55B-4897-9670-24AF969D731F}.Release|Any CPU.ActiveCfg = Release|Any CPU
		{FBA66430-F55B-4897-9670-24AF969D731F}.Release|Any CPU.Build.0 = Release|Any CPU
		{39AFE22B-7A7B-4221-A74B-0E1EDE81F61A}.Debug|Any CPU.ActiveCfg = Debug|Any CPU
		{39AFE22B-7A7B-4221-A74B-0E1EDE81F61A}.Debug|Any CPU.Build.0 = Debug|Any CPU
		{39AFE22B-7A7B-4221-A74B-0E1EDE81F61A}.Linux|Any CPU.ActiveCfg = Linux|Any CPU
		{39AFE22B-7A7B-4221-A74B-0E1EDE81F61A}.Linux|Any CPU.Build.0 = Linux|Any CPU
		{39AFE22B-7A7B-4221-A74B-0E1EDE81F61A}.Release|Any CPU.ActiveCfg = Release|Any CPU
		{39AFE22B-7A7B-4221-A74B-0E1EDE81F61A}.Release|Any CPU.Build.0 = Release|Any CPU
		{F2AD5B2F-8164-4E1D-881C-BDBAA03E95BF}.Debug|Any CPU.ActiveCfg = Debug|Any CPU
		{F2AD5B2F-8164-4E1D-881C-BDBAA03E95BF}.Debug|Any CPU.Build.0 = Debug|Any CPU
		{F2AD5B2F-8164-4E1D-881C-BDBAA03E95BF}.Linux|Any CPU.ActiveCfg = Linux|Any CPU
		{F2AD5B2F-8164-4E1D-881C-BDBAA03E95BF}.Linux|Any CPU.Build.0 = Linux|Any CPU
		{F2AD5B2F-8164-4E1D-881C-BDBAA03E95BF}.Release|Any CPU.ActiveCfg = Release|Any CPU
		{F2AD5B2F-8164-4E1D-881C-BDBAA03E95BF}.Release|Any CPU.Build.0 = Release|Any CPU
		{6E2FF562-6440-4E18-99C1-353EB8C3ACBC}.Debug|Any CPU.ActiveCfg = Debug|Any CPU
		{6E2FF562-6440-4E18-99C1-353EB8C3ACBC}.Debug|Any CPU.Build.0 = Debug|Any CPU
		{6E2FF562-6440-4E18-99C1-353EB8C3ACBC}.Linux|Any CPU.ActiveCfg = Linux|Any CPU
		{6E2FF562-6440-4E18-99C1-353EB8C3ACBC}.Linux|Any CPU.Build.0 = Linux|Any CPU
		{6E2FF562-6440-4E18-99C1-353EB8C3ACBC}.Release|Any CPU.ActiveCfg = Release|Any CPU
		{6E2FF562-6440-4E18-99C1-353EB8C3ACBC}.Release|Any CPU.Build.0 = Release|Any CPU
		{DE11EF5B-579F-41A1-B64E-79E827E6351D}.Debug|Any CPU.ActiveCfg = Debug|Any CPU
		{DE11EF5B-579F-41A1-B64E-79E827E6351D}.Debug|Any CPU.Build.0 = Debug|Any CPU
		{DE11EF5B-579F-41A1-B64E-79E827E6351D}.Linux|Any CPU.ActiveCfg = Linux|Any CPU
		{DE11EF5B-579F-41A1-B64E-79E827E6351D}.Linux|Any CPU.Build.0 = Linux|Any CPU
		{DE11EF5B-579F-41A1-B64E-79E827E6351D}.Release|Any CPU.ActiveCfg = Release|Any CPU
		{DE11EF5B-579F-41A1-B64E-79E827E6351D}.Release|Any CPU.Build.0 = Release|Any CPU
		{7481763D-9817-495C-A31E-68E0B449480E}.Debug|Any CPU.ActiveCfg = Debug|Any CPU
		{7481763D-9817-495C-A31E-68E0B449480E}.Debug|Any CPU.Build.0 = Debug|Any CPU
		{7481763D-9817-495C-A31E-68E0B449480E}.Linux|Any CPU.ActiveCfg = Linux|Any CPU
		{7481763D-9817-495C-A31E-68E0B449480E}.Linux|Any CPU.Build.0 = Linux|Any CPU
		{7481763D-9817-495C-A31E-68E0B449480E}.Release|Any CPU.ActiveCfg = Release|Any CPU
		{7481763D-9817-495C-A31E-68E0B449480E}.Release|Any CPU.Build.0 = Release|Any CPU
		{8257820D-9B18-47FF-9B85-BCEDC1F9E01E}.Debug|Any CPU.ActiveCfg = Debug|Any CPU
		{8257820D-9B18-47FF-9B85-BCEDC1F9E01E}.Debug|Any CPU.Build.0 = Debug|Any CPU
		{8257820D-9B18-47FF-9B85-BCEDC1F9E01E}.Linux|Any CPU.ActiveCfg = Linux|Any CPU
		{8257820D-9B18-47FF-9B85-BCEDC1F9E01E}.Linux|Any CPU.Build.0 = Linux|Any CPU
		{8257820D-9B18-47FF-9B85-BCEDC1F9E01E}.Release|Any CPU.ActiveCfg = Release|Any CPU
		{8257820D-9B18-47FF-9B85-BCEDC1F9E01E}.Release|Any CPU.Build.0 = Release|Any CPU
		{8A139D4B-FA1C-48DD-B415-43089ED6720C}.Debug|Any CPU.ActiveCfg = Debug|Any CPU
		{8A139D4B-FA1C-48DD-B415-43089ED6720C}.Debug|Any CPU.Build.0 = Debug|Any CPU
		{8A139D4B-FA1C-48DD-B415-43089ED6720C}.Linux|Any CPU.ActiveCfg = Linux|Any CPU
		{8A139D4B-FA1C-48DD-B415-43089ED6720C}.Linux|Any CPU.Build.0 = Linux|Any CPU
		{8A139D4B-FA1C-48DD-B415-43089ED6720C}.Release|Any CPU.ActiveCfg = Release|Any CPU
		{8A139D4B-FA1C-48DD-B415-43089ED6720C}.Release|Any CPU.Build.0 = Release|Any CPU
		{06242251-ED86-4038-8606-925A4FB5D830}.Debug|Any CPU.ActiveCfg = Debug|Any CPU
		{06242251-ED86-4038-8606-925A4FB5D830}.Debug|Any CPU.Build.0 = Debug|Any CPU
		{06242251-ED86-4038-8606-925A4FB5D830}.Linux|Any CPU.ActiveCfg = Linux|Any CPU
		{06242251-ED86-4038-8606-925A4FB5D830}.Linux|Any CPU.Build.0 = Linux|Any CPU
		{06242251-ED86-4038-8606-925A4FB5D830}.Release|Any CPU.ActiveCfg = Release|Any CPU
		{06242251-ED86-4038-8606-925A4FB5D830}.Release|Any CPU.Build.0 = Release|Any CPU
	EndGlobalSection
	GlobalSection(SolutionProperties) = preSolution
		HideSolutionNode = FALSE
	EndGlobalSection
	GlobalSection(NestedProjects) = preSolution
		{C5A29F5E-5669-41BB-AA7B-6943ED5CFBCE} = {32008689-E7A5-4FE5-B1A3-0A812E973F2B}
		{E6091DB1-C9F7-42DB-B4D5-E31FB6A5A6DA} = {B5BE9A28-1EE5-43F5-A730-DC70A0F0C879}
		{C0B0AF45-F29D-419C-90AE-E9B3719A032A} = {32008689-E7A5-4FE5-B1A3-0A812E973F2B}
		{A57CC877-9214-4C7A-B505-7262647EACC2} = {C1E1E144-1762-4177-B5EC-46014205CBF7}
		{8EDF4429-251A-416D-BB68-93F227191BCF} = {C1E1E144-1762-4177-B5EC-46014205CBF7}
		{D7547C5A-DC03-425F-B8FE-FC9FEBCD1CC5} = {B5BE9A28-1EE5-43F5-A730-DC70A0F0C879}
		{29B288D4-239F-4756-8B03-B161799CD762} = {C1E1E144-1762-4177-B5EC-46014205CBF7}
		{7D7B5867-28E9-40A9-AE89-0EFA863FA9A1} = {C1E1E144-1762-4177-B5EC-46014205CBF7}
		{4DC3CCF8-171C-402D-8CB5-C09E610E82CE} = {B5BE9A28-1EE5-43F5-A730-DC70A0F0C879}
		{39AFE22B-7A7B-4221-A74B-0E1EDE81F61A} = {B5BE9A28-1EE5-43F5-A730-DC70A0F0C879}
		{F2AD5B2F-8164-4E1D-881C-BDBAA03E95BF} = {32008689-E7A5-4FE5-B1A3-0A812E973F2B}
		{6E2FF562-6440-4E18-99C1-353EB8C3ACBC} = {32008689-E7A5-4FE5-B1A3-0A812E973F2B}
		{DE11EF5B-579F-41A1-B64E-79E827E6351D} = {B5CDFF75-7D1A-409D-BC9B-E87F8C205A6E}
		{8257820D-9B18-47FF-9B85-BCEDC1F9E01E} = {80301C9E-D28A-4EDE-9A07-EA1DB33E94D8}
		{8A139D4B-FA1C-48DD-B415-43089ED6720C} = {80301C9E-D28A-4EDE-9A07-EA1DB33E94D8}
		{06242251-ED86-4038-8606-925A4FB5D830} = {80301C9E-D28A-4EDE-9A07-EA1DB33E94D8}
	EndGlobalSection
EndGlobal
